// !$*UTF8*$!
{
	archiveVersion = 1;
	classes = {
	};
	objectVersion = 51;
	objects = {

/* Begin PBXBuildFile section */
		063D920A23621AA1001E2E66 /* PlaceModel.swift in Sources */ = {isa = PBXBuildFile; fileRef = 063D920923621AA1001E2E66 /* PlaceModel.swift */; };
		0674E47D236154F0008D92AA /* AddPlaceVC.swift in Sources */ = {isa = PBXBuildFile; fileRef = 0674E47C236154F0008D92AA /* AddPlaceVC.swift */; };
		0674E47F23615711008D92AA /* MapVC.swift in Sources */ = {isa = PBXBuildFile; fileRef = 0674E47E23615711008D92AA /* MapVC.swift */; };
		0674E48123615AFD008D92AA /* DetailVC.swift in Sources */ = {isa = PBXBuildFile; fileRef = 0674E48023615AFD008D92AA /* DetailVC.swift */; };
		06857058236144F200D54C29 /* PlacesVC.swift in Sources */ = {isa = PBXBuildFile; fileRef = 06857057236144F200D54C29 /* PlacesVC.swift */; };
		06B09CE9236002790043DBDE /* AppDelegate.swift in Sources */ = {isa = PBXBuildFile; fileRef = 06B09CE8236002790043DBDE /* AppDelegate.swift */; };
		06B09CEB236002790043DBDE /* SceneDelegate.swift in Sources */ = {isa = PBXBuildFile; fileRef = 06B09CEA236002790043DBDE /* SceneDelegate.swift */; };
		06B09CED236002790043DBDE /* SignUpVC.swift in Sources */ = {isa = PBXBuildFile; fileRef = 06B09CEC236002790043DBDE /* SignUpVC.swift */; };
		06B09CF0236002790043DBDE /* Main.storyboard in Resources */ = {isa = PBXBuildFile; fileRef = 06B09CEE236002790043DBDE /* Main.storyboard */; };
		06B09CF22360027A0043DBDE /* Assets.xcassets in Resources */ = {isa = PBXBuildFile; fileRef = 06B09CF12360027A0043DBDE /* Assets.xcassets */; };
		06B09CF52360027A0043DBDE /* LaunchScreen.storyboard in Resources */ = {isa = PBXBuildFile; fileRef = 06B09CF32360027A0043DBDE /* LaunchScreen.storyboard */; };
		4E59E6598C503F3822EF5DA6 /* Pods_FourSquareClone.framework in Frameworks */ = {isa = PBXBuildFile; fileRef = A335C2EB425C9E1F88982E85 /* Pods_FourSquareClone.framework */; };
/* End PBXBuildFile section */

/* Begin PBXFileReference section */
		00827FD3DE2EF63338F374D2 /* Pods-FourSquareClone.debug.xcconfig */ = {isa = PBXFileReference; includeInIndex = 1; lastKnownFileType = text.xcconfig; name = "Pods-FourSquareClone.debug.xcconfig"; path = "Target Support Files/Pods-FourSquareClone/Pods-FourSquareClone.debug.xcconfig"; sourceTree = "<group>"; };
		063D920923621AA1001E2E66 /* PlaceModel.swift */ = {isa = PBXFileReference; lastKnownFileType = sourcecode.swift; path = PlaceModel.swift; sourceTree = "<group>"; };
		0674E47C236154F0008D92AA /* AddPlaceVC.swift */ = {isa = PBXFileReference; lastKnownFileType = sourcecode.swift; path = AddPlaceVC.swift; sourceTree = "<group>"; };
		0674E47E23615711008D92AA /* MapVC.swift */ = {isa = PBXFileReference; lastKnownFileType = sourcecode.swift; path = MapVC.swift; sourceTree = "<group>"; };
		0674E48023615AFD008D92AA /* DetailVC.swift */ = {isa = PBXFileReference; lastKnownFileType = sourcecode.swift; path = DetailVC.swift; sourceTree = "<group>"; };
		06857057236144F200D54C29 /* PlacesVC.swift */ = {isa = PBXFileReference; lastKnownFileType = sourcecode.swift; path = PlacesVC.swift; sourceTree = "<group>"; };
		06B09CE5236002790043DBDE /* FourSquareClone.app */ = {isa = PBXFileReference; explicitFileType = wrapper.application; includeInIndex = 0; path = FourSquareClone.app; sourceTree = BUILT_PRODUCTS_DIR; };
		06B09CE8236002790043DBDE /* AppDelegate.swift */ = {isa = PBXFileReference; lastKnownFileType = sourcecode.swift; path = AppDelegate.swift; sourceTree = "<group>"; };
		06B09CEA236002790043DBDE /* SceneDelegate.swift */ = {isa = PBXFileReference; lastKnownFileType = sourcecode.swift; path = SceneDelegate.swift; sourceTree = "<group>"; };
		06B09CEC236002790043DBDE /* SignUpVC.swift */ = {isa = PBXFileReference; lastKnownFileType = sourcecode.swift; path = SignUpVC.swift; sourceTree = "<group>"; };
		06B09CEF236002790043DBDE /* Base */ = {isa = PBXFileReference; lastKnownFileType = file.storyboard; name = Base; path = Base.lproj/Main.storyboard; sourceTree = "<group>"; };
		06B09CF12360027A0043DBDE /* Assets.xcassets */ = {isa = PBXFileReference; lastKnownFileType = folder.assetcatalog; path = Assets.xcassets; sourceTree = "<group>"; };
		06B09CF42360027A0043DBDE /* Base */ = {isa = PBXFileReference; lastKnownFileType = file.storyboard; name = Base; path = Base.lproj/LaunchScreen.storyboard; sourceTree = "<group>"; };
		06B09CF62360027A0043DBDE /* Info.plist */ = {isa = PBXFileReference; lastKnownFileType = text.plist.xml; path = Info.plist; sourceTree = "<group>"; };
		A335C2EB425C9E1F88982E85 /* Pods_FourSquareClone.framework */ = {isa = PBXFileReference; explicitFileType = wrapper.framework; includeInIndex = 0; path = Pods_FourSquareClone.framework; sourceTree = BUILT_PRODUCTS_DIR; };
		E03A250AA692389B6A4AF4CD /* Pods-FourSquareClone.release.xcconfig */ = {isa = PBXFileReference; includeInIndex = 1; lastKnownFileType = text.xcconfig; name = "Pods-FourSquareClone.release.xcconfig"; path = "Target Support Files/Pods-FourSquareClone/Pods-FourSquareClone.release.xcconfig"; sourceTree = "<group>"; };
/* End PBXFileReference section */

/* Begin PBXFrameworksBuildPhase section */
		06B09CE2236002790043DBDE /* Frameworks */ = {
			isa = PBXFrameworksBuildPhase;
			buildActionMask = 2147483647;
			files = (
				4E59E6598C503F3822EF5DA6 /* Pods_FourSquareClone.framework in Frameworks */,
			);
			runOnlyForDeploymentPostprocessing = 0;
		};
/* End PBXFrameworksBuildPhase section */

/* Begin PBXGroup section */
		06B09CDC236002790043DBDE = {
			isa = PBXGroup;
			children = (
				06B09CE7236002790043DBDE /* FourSquareClone */,
				06B09CE6236002790043DBDE /* Products */,
				49EF6FFB6BCA9C4940C10679 /* Pods */,
				B519C5853862341A47016571 /* Frameworks */,
			);
			sourceTree = "<group>";
		};
		06B09CE6236002790043DBDE /* Products */ = {
			isa = PBXGroup;
			children = (
				06B09CE5236002790043DBDE /* FourSquareClone.app */,
			);
			name = Products;
			sourceTree = "<group>";
		};
		06B09CE7236002790043DBDE /* FourSquareClone */ = {
			isa = PBXGroup;
			children = (
				06B09CE8236002790043DBDE /* AppDelegate.swift */,
				06B09CEA236002790043DBDE /* SceneDelegate.swift */,
				06B09CEC236002790043DBDE /* SignUpVC.swift */,
				06857057236144F200D54C29 /* PlacesVC.swift */,
				0674E47C236154F0008D92AA /* AddPlaceVC.swift */,
				0674E47E23615711008D92AA /* MapVC.swift */,
				0674E48023615AFD008D92AA /* DetailVC.swift */,
				063D920923621AA1001E2E66 /* PlaceModel.swift */,
				06B09CEE236002790043DBDE /* Main.storyboard */,
				06B09CF12360027A0043DBDE /* Assets.xcassets */,
				06B09CF32360027A0043DBDE /* LaunchScreen.storyboard */,
				06B09CF62360027A0043DBDE /* Info.plist */,
			);
			path = FourSquareClone;
			sourceTree = "<group>";
		};
		49EF6FFB6BCA9C4940C10679 /* Pods */ = {
			isa = PBXGroup;
			children = (
				00827FD3DE2EF63338F374D2 /* Pods-FourSquareClone.debug.xcconfig */,
				E03A250AA692389B6A4AF4CD /* Pods-FourSquareClone.release.xcconfig */,
			);
			path = Pods;
			sourceTree = "<group>";
		};
		B519C5853862341A47016571 /* Frameworks */ = {
			isa = PBXGroup;
			children = (
				A335C2EB425C9E1F88982E85 /* Pods_FourSquareClone.framework */,
			);
			name = Frameworks;
			sourceTree = "<group>";
		};
/* End PBXGroup section */

/* Begin PBXNativeTarget section */
		06B09CE4236002790043DBDE /* FourSquareClone */ = {
			isa = PBXNativeTarget;
			buildConfigurationList = 06B09CF92360027A0043DBDE /* Build configuration list for PBXNativeTarget "FourSquareClone" */;
			buildPhases = (
				D56262F0283A8ECBF4BA3999 /* [CP] Check Pods Manifest.lock */,
				06B09CE1236002790043DBDE /* Sources */,
				06B09CE2236002790043DBDE /* Frameworks */,
				06B09CE3236002790043DBDE /* Resources */,
				7CD9410434525F06CA228F9B /* [CP] Embed Pods Frameworks */,
			);
			buildRules = (
			);
			dependencies = (
			);
			name = FourSquareClone;
			productName = FourSquareClone;
			productReference = 06B09CE5236002790043DBDE /* FourSquareClone.app */;
			productType = "com.apple.product-type.application";
		};
/* End PBXNativeTarget section */

/* Begin PBXProject section */
		06B09CDD236002790043DBDE /* Project object */ = {
			isa = PBXProject;
			attributes = {
				KnownAssetTags = (
					New,
				);
				LastSwiftUpdateCheck = 1110;
				LastUpgradeCheck = 1110;
				ORGANIZATIONNAME = "Mher Oganesyan";
				TargetAttributes = {
					06B09CE4236002790043DBDE = {
						CreatedOnToolsVersion = 11.1;
					};
				};
			};
			buildConfigurationList = 06B09CE0236002790043DBDE /* Build configuration list for PBXProject "FourSquareClone" */;
			compatibilityVersion = "Xcode 9.3";
			developmentRegion = en;
			hasScannedForEncodings = 0;
			knownRegions = (
				en,
				Base,
			);
			mainGroup = 06B09CDC236002790043DBDE;
			productRefGroup = 06B09CE6236002790043DBDE /* Products */;
			projectDirPath = "";
			projectRoot = "";
			targets = (
				06B09CE4236002790043DBDE /* FourSquareClone */,
			);
		};
/* End PBXProject section */

/* Begin PBXResourcesBuildPhase section */
		06B09CE3236002790043DBDE /* Resources */ = {
			isa = PBXResourcesBuildPhase;
			buildActionMask = 2147483647;
			files = (
				06B09CF52360027A0043DBDE /* LaunchScreen.storyboard in Resources */,
				06B09CF22360027A0043DBDE /* Assets.xcassets in Resources */,
				06B09CF0236002790043DBDE /* Main.storyboard in Resources */,
			);
			runOnlyForDeploymentPostprocessing = 0;
		};
/* End PBXResourcesBuildPhase section */

/* Begin PBXShellScriptBuildPhase section */
		7CD9410434525F06CA228F9B /* [CP] Embed Pods Frameworks */ = {
			isa = PBXShellScriptBuildPhase;
			buildActionMask = 2147483647;
			files = (
			);
			inputFileListPaths = (
				"${PODS_ROOT}/Target Support Files/Pods-FourSquareClone/Pods-FourSquareClone-frameworks-${CONFIGURATION}-input-files.xcfilelist",
			);
			name = "[CP] Embed Pods Frameworks";
			outputFileListPaths = (
				"${PODS_ROOT}/Target Support Files/Pods-FourSquareClone/Pods-FourSquareClone-frameworks-${CONFIGURATION}-output-files.xcfilelist",
			);
			runOnlyForDeploymentPostprocessing = 0;
			shellPath = /bin/sh;
			shellScript = "\"${PODS_ROOT}/Target Support Files/Pods-FourSquareClone/Pods-FourSquareClone-frameworks.sh\"\n";
			showEnvVarsInLog = 0;
		};
		D56262F0283A8ECBF4BA3999 /* [CP] Check Pods Manifest.lock */ = {
			isa = PBXShellScriptBuildPhase;
			buildActionMask = 2147483647;
			files = (
			);
			inputFileListPaths = (
			);
			inputPaths = (
				"${PODS_PODFILE_DIR_PATH}/Podfile.lock",
				"${PODS_ROOT}/Manifest.lock",
			);
			name = "[CP] Check Pods Manifest.lock";
			outputFileListPaths = (
			);
			outputPaths = (
				"$(DERIVED_FILE_DIR)/Pods-FourSquareClone-checkManifestLockResult.txt",
			);
			runOnlyForDeploymentPostprocessing = 0;
			shellPath = /bin/sh;
			shellScript = "diff \"${PODS_PODFILE_DIR_PATH}/Podfile.lock\" \"${PODS_ROOT}/Manifest.lock\" > /dev/null\nif [ $? != 0 ] ; then\n    # print error to STDERR\n    echo \"error: The sandbox is not in sync with the Podfile.lock. Run 'pod install' or update your CocoaPods installation.\" >&2\n    exit 1\nfi\n# This output is used by Xcode 'outputs' to avoid re-running this script phase.\necho \"SUCCESS\" > \"${SCRIPT_OUTPUT_FILE_0}\"\n";
			showEnvVarsInLog = 0;
		};
/* End PBXShellScriptBuildPhase section */

/* Begin PBXSourcesBuildPhase section */
		06B09CE1236002790043DBDE /* Sources */ = {
			isa = PBXSourcesBuildPhase;
			buildActionMask = 2147483647;
			files = (
				06B09CED236002790043DBDE /* SignUpVC.swift in Sources */,
				063D920A23621AA1001E2E66 /* PlaceModel.swift in Sources */,
				0674E47F23615711008D92AA /* MapVC.swift in Sources */,
				06B09CE9236002790043DBDE /* AppDelegate.swift in Sources */,
				06857058236144F200D54C29 /* PlacesVC.swift in Sources */,
				0674E47D236154F0008D92AA /* AddPlaceVC.swift in Sources */,
				06B09CEB236002790043DBDE /* SceneDelegate.swift in Sources */,
				0674E48123615AFD008D92AA /* DetailVC.swift in Sources */,
			);
			runOnlyForDeploymentPostprocessing = 0;
		};
/* End PBXSourcesBuildPhase section */

/* Begin PBXVariantGroup section */
		06B09CEE236002790043DBDE /* Main.storyboard */ = {
			isa = PBXVariantGroup;
			children = (
				06B09CEF236002790043DBDE /* Base */,
			);
			name = Main.storyboard;
			sourceTree = "<group>";
		};
		06B09CF32360027A0043DBDE /* LaunchScreen.storyboard */ = {
			isa = PBXVariantGroup;
			children = (
				06B09CF42360027A0043DBDE /* Base */,
			);
			name = LaunchScreen.storyboard;
			sourceTree = "<group>";
		};
/* End PBXVariantGroup section */

/* Begin XCBuildConfiguration section */
		06B09CF72360027A0043DBDE /* Debug */ = {
			isa = XCBuildConfiguration;
			buildSettings = {
				ALWAYS_SEARCH_USER_PATHS = NO;
				CLANG_ANALYZER_NONNULL = YES;
				CLANG_ANALYZER_NUMBER_OBJECT_CONVERSION = YES_AGGRESSIVE;
				CLANG_CXX_LANGUAGE_STANDARD = "gnu++14";
				CLANG_CXX_LIBRARY = "libc++";
				CLANG_ENABLE_MODULES = YES;
				CLANG_ENABLE_OBJC_ARC = YES;
				CLANG_ENABLE_OBJC_WEAK = YES;
				CLANG_WARN_BLOCK_CAPTURE_AUTORELEASING = YES;
				CLANG_WARN_BOOL_CONVERSION = YES;
				CLANG_WARN_COMMA = YES;
				CLANG_WARN_CONSTANT_CONVERSION = YES;
				CLANG_WARN_DEPRECATED_OBJC_IMPLEMENTATIONS = YES;
				CLANG_WARN_DIRECT_OBJC_ISA_USAGE = YES_ERROR;
				CLANG_WARN_DOCUMENTATION_COMMENTS = YES;
				CLANG_WARN_EMPTY_BODY = YES;
				CLANG_WARN_ENUM_CONVERSION = YES;
				CLANG_WARN_INFINITE_RECURSION = YES;
				CLANG_WARN_INT_CONVERSION = YES;
				CLANG_WARN_NON_LITERAL_NULL_CONVERSION = YES;
				CLANG_WARN_OBJC_IMPLICIT_RETAIN_SELF = YES;
				CLANG_WARN_OBJC_LITERAL_CONVERSION = YES;
				CLANG_WARN_OBJC_ROOT_CLASS = YES_ERROR;
				CLANG_WARN_RANGE_LOOP_ANALYSIS = YES;
				CLANG_WARN_STRICT_PROTOTYPES = YES;
				CLANG_WARN_SUSPICIOUS_MOVE = YES;
				CLANG_WARN_UNGUARDED_AVAILABILITY = YES_AGGRESSIVE;
				CLANG_WARN_UNREACHABLE_CODE = YES;
				CLANG_WARN__DUPLICATE_METHOD_MATCH = YES;
				COPY_PHASE_STRIP = NO;
				DEBUG_INFORMATION_FORMAT = dwarf;
				ENABLE_STRICT_OBJC_MSGSEND = YES;
				ENABLE_TESTABILITY = YES;
				GCC_C_LANGUAGE_STANDARD = gnu11;
				GCC_DYNAMIC_NO_PIC = NO;
				GCC_NO_COMMON_BLOCKS = YES;
				GCC_OPTIMIZATION_LEVEL = 0;
				GCC_PREPROCESSOR_DEFINITIONS = (
					"DEBUG=1",
					"$(inherited)",
				);
				GCC_WARN_64_TO_32_BIT_CONVERSION = YES;
				GCC_WARN_ABOUT_RETURN_TYPE = YES_ERROR;
				GCC_WARN_UNDECLARED_SELECTOR = YES;
				GCC_WARN_UNINITIALIZED_AUTOS = YES_AGGRESSIVE;
				GCC_WARN_UNUSED_FUNCTION = YES;
				GCC_WARN_UNUSED_VARIABLE = YES;
				IPHONEOS_DEPLOYMENT_TARGET = 13.1;
				MTL_ENABLE_DEBUG_INFO = INCLUDE_SOURCE;
				MTL_FAST_MATH = YES;
				ONLY_ACTIVE_ARCH = YES;
				SDKROOT = iphoneos;
				SWIFT_ACTIVE_COMPILATION_CONDITIONS = DEBUG;
				SWIFT_OPTIMIZATION_LEVEL = "-Onone";
			};
			name = Debug;
		};
		06B09CF82360027A0043DBDE /* Release */ = {
			isa = XCBuildConfiguration;
			buildSettings = {
				ALWAYS_SEARCH_USER_PATHS = NO;
				CLANG_ANALYZER_NONNULL = YES;
				CLANG_ANALYZER_NUMBER_OBJECT_CONVERSION = YES_AGGRESSIVE;
				CLANG_CXX_LANGUAGE_STANDARD = "gnu++14";
				CLANG_CXX_LIBRARY = "libc++";
				CLANG_ENABLE_MODULES = YES;
				CLANG_ENABLE_OBJC_ARC = YES;
				CLANG_ENABLE_OBJC_WEAK = YES;
				CLANG_WARN_BLOCK_CAPTURE_AUTORELEASING = YES;
				CLANG_WARN_BOOL_CONVERSION = YES;
				CLANG_WARN_COMMA = YES;
				CLANG_WARN_CONSTANT_CONVERSION = YES;
				CLANG_WARN_DEPRECATED_OBJC_IMPLEMENTATIONS = YES;
				CLANG_WARN_DIRECT_OBJC_ISA_USAGE = YES_ERROR;
				CLANG_WARN_DOCUMENTATION_COMMENTS = YES;
				CLANG_WARN_EMPTY_BODY = YES;
				CLANG_WARN_ENUM_CONVERSION = YES;
				CLANG_WARN_INFINITE_RECURSION = YES;
				CLANG_WARN_INT_CONVERSION = YES;
				CLANG_WARN_NON_LITERAL_NULL_CONVERSION = YES;
				CLANG_WARN_OBJC_IMPLICIT_RETAIN_SELF = YES;
				CLANG_WARN_OBJC_LITERAL_CONVERSION = YES;
				CLANG_WARN_OBJC_ROOT_CLASS = YES_ERROR;
				CLANG_WARN_RANGE_LOOP_ANALYSIS = YES;
				CLANG_WARN_STRICT_PROTOTYPES = YES;
				CLANG_WARN_SUSPICIOUS_MOVE = YES;
				CLANG_WARN_UNGUARDED_AVAILABILITY = YES_AGGRESSIVE;
				CLANG_WARN_UNREACHABLE_CODE = YES;
				CLANG_WARN__DUPLICATE_METHOD_MATCH = YES;
				COPY_PHASE_STRIP = NO;
				DEBUG_INFORMATION_FORMAT = "dwarf-with-dsym";
				ENABLE_NS_ASSERTIONS = NO;
				ENABLE_STRICT_OBJC_MSGSEND = YES;
				GCC_C_LANGUAGE_STANDARD = gnu11;
				GCC_NO_COMMON_BLOCKS = YES;
				GCC_WARN_64_TO_32_BIT_CONVERSION = YES;
				GCC_WARN_ABOUT_RETURN_TYPE = YES_ERROR;
				GCC_WARN_UNDECLARED_SELECTOR = YES;
				GCC_WARN_UNINITIALIZED_AUTOS = YES_AGGRESSIVE;
				GCC_WARN_UNUSED_FUNCTION = YES;
				GCC_WARN_UNUSED_VARIABLE = YES;
				IPHONEOS_DEPLOYMENT_TARGET = 13.1;
				MTL_ENABLE_DEBUG_INFO = NO;
				MTL_FAST_MATH = YES;
				SDKROOT = iphoneos;
				SWIFT_COMPILATION_MODE = wholemodule;
				SWIFT_OPTIMIZATION_LEVEL = "-O";
				VALIDATE_PRODUCT = YES;
			};
			name = Release;
		};
		06B09CFA2360027A0043DBDE /* Debug */ = {
			isa = XCBuildConfiguration;
			baseConfigurationReference = 00827FD3DE2EF63338F374D2 /* Pods-FourSquareClone.debug.xcconfig */;
			buildSettings = {
				ASSETCATALOG_COMPILER_APPICON_NAME = AppIcon;
				CODE_SIGN_STYLE = Automatic;
				DEVELOPMENT_TEAM = Q89V968R48;
				INFOPLIST_FILE = FourSquareClone/Info.plist;
				LD_RUNPATH_SEARCH_PATHS = (
					"$(inherited)",
					"@executable_path/Frameworks",
				);
				PRODUCT_BUNDLE_IDENTIFIER = com.example.FourSquareClone;
				PRODUCT_NAME = "$(TARGET_NAME)";
				SWIFT_VERSION = 5.0;
				TARGETED_DEVICE_FAMILY = "1,2";
			};
			name = Debug;
		};
		06B09CFB2360027A0043DBDE /* Release */ = {
			isa = XCBuildConfiguration;
			baseConfigurationReference = E03A250AA692389B6A4AF4CD /* Pods-FourSquareClone.release.xcconfig */;
			buildSettings = {
				ASSETCATALOG_COMPILER_APPICON_NAME = AppIcon;
				CODE_SIGN_STYLE = Automatic;
				DEVELOPMENT_TEAM = Q89V968R48;
				INFOPLIST_FILE = FourSquareClone/Info.plist;
				LD_RUNPATH_SEARCH_PATHS = (
					"$(inherited)",
					"@executable_path/Frameworks",
				);
				PRODUCT_BUNDLE_IDENTIFIER = com.example.FourSquareClone;
				PRODUCT_NAME = "$(TARGET_NAME)";
				SWIFT_VERSION = 5.0;
				TARGETED_DEVICE_FAMILY = "1,2";
			};
			name = Release;
		};
/* End XCBuildConfiguration section */

/* Begin XCConfigurationList section */
		06B09CE0236002790043DBDE /* Build configuration list for PBXProject "FourSquareClone" */ = {
			isa = XCConfigurationList;
			buildConfigurations = (
				06B09CF72360027A0043DBDE /* Debug */,
				06B09CF82360027A0043DBDE /* Release */,
			);
			defaultConfigurationIsVisible = 0;
			defaultConfigurationName = Release;
		};
		06B09CF92360027A0043DBDE /* Build configuration list for PBXNativeTarget "FourSquareClone" */ = {
			isa = XCConfigurationList;
			buildConfigurations = (
				06B09CFA2360027A0043DBDE /* Debug */,
				06B09CFB2360027A0043DBDE /* Release */,
			);
			defaultConfigurationIsVisible = 0;
			defaultConfigurationName = Release;
		};
/* End XCConfigurationList section */
	};
	rootObject = 06B09CDD236002790043DBDE /* Project object */;
}
